
Microsoft Visual Studio Solution File, Format Version 12.00
# Visual Studio Version 16
VisualStudioVersion = 16.0.34114.132
MinimumVisualStudioVersion = 10.0.40219.1
Project("{FAE04EC0-301F-11D3-BF4B-00C04F79EFBC}") = "MpcApiTester", "MpcApiTester.csproj", "{58A35AC9-34D2-4695-AC35-59E732A51D86}"
EndProject
Global
	GlobalSection(SolutionConfigurationPlatforms) = preSolution
		Debug|Any CPU = Debug|Any CPU
		Release|Any CPU = Release|Any CPU
	EndGlobalSection
	GlobalSection(ProjectConfigurationPlatforms) = postSolution
		{58A35AC9-34D2-4695-AC35-59E732A51D86}.Debug|Any CPU.ActiveCfg = Debug|Any CPU
		{58A35AC9-34D2-4695-AC35-59E732A51D86}.Debug|Any CPU.Build.0 = Debug|Any CPU
		{58A35AC9-34D2-4695-AC35-59E732A51D86}.Release|Any CPU.ActiveCfg = Release|Any CPU
		{58A35AC9-34D2-4695-AC35-59E732A51D86}.Release|Any CPU.Build.0 = Release|Any CPU
	EndGlobalSection
	GlobalSection(SolutionProperties) = preSolution
		HideSolutionNode = FALSE
	EndGlobalSection
	GlobalSection(ExtensibilityGlobals) = postSolution
		SolutionGuid = {AD39E05A-F522-4F3E-BDD1-562FB8CD26A8}
	EndGlobalSection
EndGlobal
